
Microsoft Visual Studio Solution File, Format Version 12.00
# Visual Studio Version 17
VisualStudioVersion = 17.6.33829.357
MinimumVisualStudioVersion = 10.0.40219.1
Project("{FAE04EC0-301F-11D3-BF4B-00C04F79EFBC}") = "Empolyer_Form", "Empolyer_Form\Empolyer_Form.csproj", "{9F8576F6-0DB3-4E8B-9B87-D572367032B4}"
EndProject
Global
	GlobalSection(SolutionConfigurationPlatforms) = preSolution
		Debug|Any CPU = Debug|Any CPU
		Release|Any CPU = Release|Any CPU
	EndGlobalSection
	GlobalSection(ProjectConfigurationPlatforms) = postSolution
		{9F8576F6-0DB3-4E8B-9B87-D572367032B4}.Debug|Any CPU.ActiveCfg = Debug|Any CPU
		{9F8576F6-0DB3-4E8B-9B87-D572367032B4}.Debug|Any CPU.Build.0 = Debug|Any CPU
		{9F8576F6-0DB3-4E8B-9B87-D572367032B4}.Release|Any CPU.ActiveCfg = Release|Any CPU
		{9F8576F6-0DB3-4E8B-9B87-D572367032B4}.Release|Any CPU.Build.0 = Release|Any CPU
	EndGlobalSection
	GlobalSection(SolutionProperties) = preSolution
		HideSolutionNode = FALSE
	EndGlobalSection
	GlobalSection(ExtensibilityGlobals) = postSolution
		SolutionGuid = {3A4DA463-EAFF-4699-A6F3-32FA24F0E07D}
	EndGlobalSection
EndGlobal
